
Microsoft Visual Studio Solution File, Format Version 12.00
# Visual Studio Version 17
VisualStudioVersion = 17.0.31903.59
MinimumVisualStudioVersion = 10.0.40219.1
Project("{2150E333-8FDC-42A3-9474-1A3956D46DE8}") = "src", "src", "{827E0CD3-B72D-47B6-A68D-7590B98EB39B}"
EndProject
Project("{2150E333-8FDC-42A3-9474-1A3956D46DE8}") = "tests", "tests", "{0AB3BF05-4346-4AA6-1389-037BE0695223}"
EndProject
Project("{FAE04EC0-301F-11D3-BF4B-00C04F79EFBC}") = "TradingBot.Api", "src\TradingBot.Api\TradingBot.Api.csproj", "{D3E6CC3D-FD10-4C8C-8330-4184F4771E32}"
EndProject
Project("{FAE04EC0-301F-11D3-BF4B-00C04F79EFBC}") = "TradingBot.Core", "src\TradingBot.Core\TradingBot.Core.csproj", "{DE58878B-D5D0-4BC0-8B5D-EAD318821F1D}"
EndProject
Project("{FAE04EC0-301F-11D3-BF4B-00C04F79EFBC}") = "TradingBot.Core.Tests", "tests\TradingBot.Core.Tests\TradingBot.Core.Tests.csproj", "{E097D97E-7855-4914-AA0F-66CEE6015468}"
EndProject
Project("{FAE04EC0-301F-11D3-BF4B-00C04F79EFBC}") = "TradingBot.FuturesWorker", "src\TradingBot.FuturesWorker\TradingBot.FuturesWorker.csproj", "{DB335158-613B-402D-84B2-B4D44064624B}"
EndProject
Project("{FAE04EC0-301F-11D3-BF4B-00C04F79EFBC}") = "TradingBot.FuturesWorker.Tests", "tests\TradingBot.FuturesWorker.Tests\TradingBot.FuturesWorker.Tests.csproj", "{1963CAE5-0A90-4958-88C5-22156703DD43}"
EndProject
Project("{FAE04EC0-301F-11D3-BF4B-00C04F79EFBC}") = "TradingBot.MarketDataWorker", "src\TradingBot.MarketDataWorker\TradingBot.MarketDataWorker.csproj", "{7477C60A-FDD4-472D-A58A-969BF101149B}"
EndProject
Project("{FAE04EC0-301F-11D3-BF4B-00C04F79EFBC}") = "TradingBot.MarketDataWorker.Tests", "tests\TradingBot.MarketDataWorker.Tests\TradingBot.MarketDataWorker.Tests.csproj", "{A74ABC10-4B2E-405E-AF9E-173BBE4C92FF}"
EndProject
Global
	GlobalSection(SolutionConfigurationPlatforms) = preSolution
		Debug|Any CPU = Debug|Any CPU
		Debug|x64 = Debug|x64
		Debug|x86 = Debug|x86
		Release|Any CPU = Release|Any CPU
		Release|x64 = Release|x64
		Release|x86 = Release|x86
	EndGlobalSection
	GlobalSection(ProjectConfigurationPlatforms) = postSolution
		{D3E6CC3D-FD10-4C8C-8330-4184F4771E32}.Debug|Any CPU.ActiveCfg = Debug|Any CPU
		{D3E6CC3D-FD10-4C8C-8330-4184F4771E32}.Debug|Any CPU.Build.0 = Debug|Any CPU
		{D3E6CC3D-FD10-4C8C-8330-4184F4771E32}.Debug|x64.ActiveCfg = Debug|Any CPU
		{D3E6CC3D-FD10-4C8C-8330-4184F4771E32}.Debug|x64.Build.0 = Debug|Any CPU
		{D3E6CC3D-FD10-4C8C-8330-4184F4771E32}.Debug|x86.ActiveCfg = Debug|Any CPU
		{D3E6CC3D-FD10-4C8C-8330-4184F4771E32}.Debug|x86.Build.0 = Debug|Any CPU
		{D3E6CC3D-FD10-4C8C-8330-4184F4771E32}.Release|Any CPU.ActiveCfg = Release|Any CPU
		{D3E6CC3D-FD10-4C8C-8330-4184F4771E32}.Release|Any CPU.Build.0 = Release|Any CPU
		{D3E6CC3D-FD10-4C8C-8330-4184F4771E32}.Release|x64.ActiveCfg = Release|Any CPU
		{D3E6CC3D-FD10-4C8C-8330-4184F4771E32}.Release|x64.Build.0 = Release|Any CPU
		{D3E6CC3D-FD10-4C8C-8330-4184F4771E32}.Release|x86.ActiveCfg = Release|Any CPU
		{D3E6CC3D-FD10-4C8C-8330-4184F4771E32}.Release|x86.Build.0 = Release|Any CPU
		{DE58878B-D5D0-4BC0-8B5D-EAD318821F1D}.Debug|Any CPU.ActiveCfg = Debug|Any CPU
		{DE58878B-D5D0-4BC0-8B5D-EAD318821F1D}.Debug|Any CPU.Build.0 = Debug|Any CPU
		{DE58878B-D5D0-4BC0-8B5D-EAD318821F1D}.Debug|x64.ActiveCfg = Debug|Any CPU
		{DE58878B-D5D0-4BC0-8B5D-EAD318821F1D}.Debug|x64.Build.0 = Debug|Any CPU
		{DE58878B-D5D0-4BC0-8B5D-EAD318821F1D}.Debug|x86.ActiveCfg = Debug|Any CPU
		{DE58878B-D5D0-4BC0-8B5D-EAD318821F1D}.Debug|x86.Build.0 = Debug|Any CPU
		{DE58878B-D5D0-4BC0-8B5D-EAD318821F1D}.Release|Any CPU.ActiveCfg = Release|Any CPU
		{DE58878B-D5D0-4BC0-8B5D-EAD318821F1D}.Release|Any CPU.Build.0 = Release|Any CPU
		{DE58878B-D5D0-4BC0-8B5D-EAD318821F1D}.Release|x64.ActiveCfg = Release|Any CPU
		{DE58878B-D5D0-4BC0-8B5D-EAD318821F1D}.Release|x64.Build.0 = Release|Any CPU
		{DE58878B-D5D0-4BC0-8B5D-EAD318821F1D}.Release|x86.ActiveCfg = Release|Any CPU
		{DE58878B-D5D0-4BC0-8B5D-EAD318821F1D}.Release|x86.Build.0 = Release|Any CPU
		{E097D97E-7855-4914-AA0F-66CEE6015468}.Debug|Any CPU.ActiveCfg = Debug|Any CPU
		{E097D97E-7855-4914-AA0F-66CEE6015468}.Debug|Any CPU.Build.0 = Debug|Any CPU
		{E097D97E-7855-4914-AA0F-66CEE6015468}.Debug|x64.ActiveCfg = Debug|Any CPU
		{E097D97E-7855-4914-AA0F-66CEE6015468}.Debug|x64.Build.0 = Debug|Any CPU
		{E097D97E-7855-4914-AA0F-66CEE6015468}.Debug|x86.ActiveCfg = Debug|Any CPU
		{E097D97E-7855-4914-AA0F-66CEE6015468}.Debug|x86.Build.0 = Debug|Any CPU
		{E097D97E-7855-4914-AA0F-66CEE6015468}.Release|Any CPU.ActiveCfg = Release|Any CPU
		{E097D97E-7855-4914-AA0F-66CEE6015468}.Release|Any CPU.Build.0 = Release|Any CPU
		{E097D97E-7855-4914-AA0F-66CEE6015468}.Release|x64.ActiveCfg = Release|Any CPU
		{E097D97E-7855-4914-AA0F-66CEE6015468}.Release|x64.Build.0 = Release|Any CPU
		{E097D97E-7855-4914-AA0F-66CEE6015468}.Release|x86.ActiveCfg = Release|Any CPU
		{E097D97E-7855-4914-AA0F-66CEE6015468}.Release|x86.Build.0 = Release|Any CPU
		{DB335158-613B-402D-84B2-B4D44064624B}.Debug|Any CPU.ActiveCfg = Debug|Any CPU
		{DB335158-613B-402D-84B2-B4D44064624B}.Debug|Any CPU.Build.0 = Debug|Any CPU
		{DB335158-613B-402D-84B2-B4D44064624B}.Debug|x64.ActiveCfg = Debug|Any CPU
		{DB335158-613B-402D-84B2-B4D44064624B}.Debug|x64.Build.0 = Debug|Any CPU
		{DB335158-613B-402D-84B2-B4D44064624B}.Debug|x86.ActiveCfg = Debug|Any CPU
		{DB335158-613B-402D-84B2-B4D44064624B}.Debug|x86.Build.0 = Debug|Any CPU
		{DB335158-613B-402D-84B2-B4D44064624B}.Release|Any CPU.ActiveCfg = Release|Any CPU
		{DB335158-613B-402D-84B2-B4D44064624B}.Release|Any CPU.Build.0 = Release|Any CPU
		{DB335158-613B-402D-84B2-B4D44064624B}.Release|x64.ActiveCfg = Release|Any CPU
		{DB335158-613B-402D-84B2-B4D44064624B}.Release|x64.Build.0 = Release|Any CPU
		{DB335158-613B-402D-84B2-B4D44064624B}.Release|x86.ActiveCfg = Release|Any CPU
		{DB335158-613B-402D-84B2-B4D44064624B}.Release|x86.Build.0 = Release|Any CPU
		{1963CAE5-0A90-4958-88C5-22156703DD43}.Debug|Any CPU.ActiveCfg = Debug|Any CPU
		{1963CAE5-0A90-4958-88C5-22156703DD43}.Debug|Any CPU.Build.0 = Debug|Any CPU
		{1963CAE5-0A90-4958-88C5-22156703DD43}.Debug|x64.ActiveCfg = Debug|Any CPU
		{1963CAE5-0A90-4958-88C5-22156703DD43}.Debug|x64.Build.0 = Debug|Any CPU
		{1963CAE5-0A90-4958-88C5-22156703DD43}.Debug|x86.ActiveCfg = Debug|Any CPU
		{1963CAE5-0A90-4958-88C5-22156703DD43}.Debug|x86.Build.0 = Debug|Any CPU
		{1963CAE5-0A90-4958-88C5-22156703DD43}.Release|Any CPU.ActiveCfg = Release|Any CPU
		{1963CAE5-0A90-4958-88C5-22156703DD43}.Release|Any CPU.Build.0 = Release|Any CPU
		{1963CAE5-0A90-4958-88C5-22156703DD43}.Release|x64.ActiveCfg = Release|Any CPU
		{1963CAE5-0A90-4958-88C5-22156703DD43}.Release|x64.Build.0 = Release|Any CPU
		{1963CAE5-0A90-4958-88C5-22156703DD43}.Release|x86.ActiveCfg = Release|Any CPU
		{1963CAE5-0A90-4958-88C5-22156703DD43}.Release|x86.Build.0 = Release|Any CPU
		{7477C60A-FDD4-472D-A58A-969BF101149B}.Debug|Any CPU.ActiveCfg = Debug|Any CPU
		{7477C60A-FDD4-472D-A58A-969BF101149B}.Debug|Any CPU.Build.0 = Debug|Any CPU
		{7477C60A-FDD4-472D-A58A-969BF101149B}.Debug|x64.ActiveCfg = Debug|Any CPU
		{7477C60A-FDD4-472D-A58A-969BF101149B}.Debug|x64.Build.0 = Debug|Any CPU
		{7477C60A-FDD4-472D-A58A-969BF101149B}.Debug|x86.ActiveCfg = Debug|Any CPU
		{7477C60A-FDD4-472D-A58A-969BF101149B}.Debug|x86.Build.0 = Debug|Any CPU
		{7477C60A-FDD4-472D-A58A-969BF101149B}.Release|Any CPU.ActiveCfg = Release|Any CPU
		{7477C60A-FDD4-472D-A58A-969BF101149B}.Release|Any CPU.Build.0 = Release|Any CPU
		{7477C60A-FDD4-472D-A58A-969BF101149B}.Release|x64.ActiveCfg = Release|Any CPU
		{7477C60A-FDD4-472D-A58A-969BF101149B}.Release|x64.Build.0 = Release|Any CPU
		{7477C60A-FDD4-472D-A58A-969BF101149B}.Release|x86.ActiveCfg = Release|Any CPU
		{7477C60A-FDD4-472D-A58A-969BF101149B}.Release|x86.Build.0 = Release|Any CPU
		{A74ABC10-4B2E-405E-AF9E-173BBE4C92FF}.Debug|Any CPU.ActiveCfg = Debug|Any CPU
		{A74ABC10-4B2E-405E-AF9E-173BBE4C92FF}.Debug|Any CPU.Build.0 = Debug|Any CPU
		{A74ABC10-4B2E-405E-AF9E-173BBE4C92FF}.Debug|x64.ActiveCfg = Debug|Any CPU
		{A74ABC10-4B2E-405E-AF9E-173BBE4C92FF}.Debug|x64.Build.0 = Debug|Any CPU
		{A74ABC10-4B2E-405E-AF9E-173BBE4C92FF}.Debug|x86.ActiveCfg = Debug|Any CPU
		{A74ABC10-4B2E-405E-AF9E-173BBE4C92FF}.Debug|x86.Build.0 = Debug|Any CPU
		{A74ABC10-4B2E-405E-AF9E-173BBE4C92FF}.Release|Any CPU.ActiveCfg = Release|Any CPU
		{A74ABC10-4B2E-405E-AF9E-173BBE4C92FF}.Release|Any CPU.Build.0 = Release|Any CPU
		{A74ABC10-4B2E-405E-AF9E-173BBE4C92FF}.Release|x64.ActiveCfg = Release|Any CPU
		{A74ABC10-4B2E-405E-AF9E-173BBE4C92FF}.Release|x64.Build.0 = Release|Any CPU
		{A74ABC10-4B2E-405E-AF9E-173BBE4C92FF}.Release|x86.ActiveCfg = Release|Any CPU
		{A74ABC10-4B2E-405E-AF9E-173BBE4C92FF}.Release|x86.Build.0 = Release|Any CPU
	EndGlobalSection
	GlobalSection(SolutionProperties) = preSolution
		HideSolutionNode = FALSE
	EndGlobalSection
	GlobalSection(NestedProjects) = preSolution
		{D3E6CC3D-FD10-4C8C-8330-4184F4771E32} = {827E0CD3-B72D-47B6-A68D-7590B98EB39B}
		{DE58878B-D5D0-4BC0-8B5D-EAD318821F1D} = {827E0CD3-B72D-47B6-A68D-7590B98EB39B}
		{E097D97E-7855-4914-AA0F-66CEE6015468} = {0AB3BF05-4346-4AA6-1389-037BE0695223}
		{DB335158-613B-402D-84B2-B4D44064624B} = {827E0CD3-B72D-47B6-A68D-7590B98EB39B}
		{1963CAE5-0A90-4958-88C5-22156703DD43} = {0AB3BF05-4346-4AA6-1389-037BE0695223}
		{7477C60A-FDD4-472D-A58A-969BF101149B} = {827E0CD3-B72D-47B6-A68D-7590B98EB39B}
		{A74ABC10-4B2E-405E-AF9E-173BBE4C92FF} = {0AB3BF05-4346-4AA6-1389-037BE0695223}
	EndGlobalSection
EndGlobal
